
Microsoft Visual Studio Solution File, Format Version 12.00
# Visual Studio Version 16
VisualStudioVersion = 16.0.29424.173
MinimumVisualStudioVersion = 10.0.40219.1
Project("{9A19103F-16F7-4668-BE54-9A1E7A4F7556}") = "QBRating", "QBRating\QBRating.csproj", "{F901B8AC-4923-451B-9070-A5B408DDE17E}"
EndProject
Project("{9A19103F-16F7-4668-BE54-9A1E7A4F7556}") = "QuarterbackCalculator", "QuarterbackCalculator\QuarterbackCalculator.csproj", "{BC6C17D0-0328-48C7-9508-2C27AA530456}"
EndProject
Project("{9A19103F-16F7-4668-BE54-9A1E7A4F7556}") = "QuarterbackCalculatorTests", "QuarterbackCalculatorTests\QuarterbackCalculatorTests.csproj", "{C5070058-2C95-4137-AF88-2A549E435A9E}"
EndProject
Project("{FAE04EC0-301F-11D3-BF4B-00C04F79EFBC}") = "QBRating.ViewModels", "QBRating.ViewModels\QBRating.ViewModels.csproj", "{F27A655D-8CD5-44CB-8054-2A7744BF83C3}"
EndProject
Project("{FAE04EC0-301F-11D3-BF4B-00C04F79EFBC}") = "QBRating.ViewModelsTests", "QBRating.ViewModelsTests\QBRating.ViewModelsTests.csproj", "{156DA019-7DAE-4DFE-B3AF-CC220B3E4ED9}"
EndProject
Global
	GlobalSection(SolutionConfigurationPlatforms) = preSolution
		Debug|Any CPU = Debug|Any CPU
		Release|Any CPU = Release|Any CPU
	EndGlobalSection
	GlobalSection(ProjectConfigurationPlatforms) = postSolution
		{F901B8AC-4923-451B-9070-A5B408DDE17E}.Debug|Any CPU.ActiveCfg = Debug|Any CPU
		{F901B8AC-4923-451B-9070-A5B408DDE17E}.Debug|Any CPU.Build.0 = Debug|Any CPU
		{F901B8AC-4923-451B-9070-A5B408DDE17E}.Release|Any CPU.ActiveCfg = Release|Any CPU
		{F901B8AC-4923-451B-9070-A5B408DDE17E}.Release|Any CPU.Build.0 = Release|Any CPU
		{BC6C17D0-0328-48C7-9508-2C27AA530456}.Debug|Any CPU.ActiveCfg = Debug|Any CPU
		{BC6C17D0-0328-48C7-9508-2C27AA530456}.Debug|Any CPU.Build.0 = Debug|Any CPU
		{BC6C17D0-0328-48C7-9508-2C27AA530456}.Release|Any CPU.ActiveCfg = Release|Any CPU
		{BC6C17D0-0328-48C7-9508-2C27AA530456}.Release|Any CPU.Build.0 = Release|Any CPU
		{C5070058-2C95-4137-AF88-2A549E435A9E}.Debug|Any CPU.ActiveCfg = Debug|Any CPU
		{C5070058-2C95-4137-AF88-2A549E435A9E}.Debug|Any CPU.Build.0 = Debug|Any CPU
		{C5070058-2C95-4137-AF88-2A549E435A9E}.Release|Any CPU.ActiveCfg = Release|Any CPU
		{C5070058-2C95-4137-AF88-2A549E435A9E}.Release|Any CPU.Build.0 = Release|Any CPU
		{F27A655D-8CD5-44CB-8054-2A7744BF83C3}.Debug|Any CPU.ActiveCfg = Debug|Any CPU
		{F27A655D-8CD5-44CB-8054-2A7744BF83C3}.Debug|Any CPU.Build.0 = Debug|Any CPU
		{F27A655D-8CD5-44CB-8054-2A7744BF83C3}.Release|Any CPU.ActiveCfg = Release|Any CPU
		{F27A655D-8CD5-44CB-8054-2A7744BF83C3}.Release|Any CPU.Build.0 = Release|Any CPU
		{156DA019-7DAE-4DFE-B3AF-CC220B3E4ED9}.Debug|Any CPU.ActiveCfg = Debug|Any CPU
		{156DA019-7DAE-4DFE-B3AF-CC220B3E4ED9}.Debug|Any CPU.Build.0 = Debug|Any CPU
		{156DA019-7DAE-4DFE-B3AF-CC220B3E4ED9}.Release|Any CPU.ActiveCfg = Release|Any CPU
		{156DA019-7DAE-4DFE-B3AF-CC220B3E4ED9}.Release|Any CPU.Build.0 = Release|Any CPU
	EndGlobalSection
	GlobalSection(SolutionProperties) = preSolution
		HideSolutionNode = FALSE
	EndGlobalSection
	GlobalSection(ExtensibilityGlobals) = postSolution
		SolutionGuid = {43014B6F-A0C9-443A-AFAC-14B9C8D7F099}
	EndGlobalSection
EndGlobal
